{
  "name": "todo-monorepo",
  "version": "1.0.0",
  "lockfileVersion": 3,
  "requires": true,
  "packages": {
    "": {
      "name": "todo-monorepo",
      "version": "1.0.0",
      "dependencies": {
        "@ai.kozlov/file-tools": "^1.0.2"
      },
      "engines": {
        "node": ">=18.0.0",
        "pnpm": ">=8.0.0"
      }
    },
    "node_modules/@ai.kozlov/file-tools": {
      "version": "1.0.2",
      "resolved": "https://registry.npmjs.org/@ai.kozlov/file-tools/-/file-tools-1.0.2.tgz",
      "integrity": "sha512-koY6Q8fbPC/oTcCLo9vQPJwb8SGQhbDy+OvZmZ0i4zScZ8yJNtdxlBIckXIvQv9iBKaohkOJTPNy59cJTwC39w==",
      "license": "MIT",
      "engines": {
        "node": ">=14.0.0"
      }
    }
  }
}
